
Microsoft Visual Studio Solution File, Format Version 12.00
# Visual Studio Version 17
VisualStudioVersion = 17.0.32014.148
MinimumVisualStudioVersion = 10.0.40219.1
Project("{FAE04EC0-301F-11D3-BF4B-00C04F79EFBC}") = "HockeyTeamSystem", "HockeyTeamSystem\HockeyTeamSystem.csproj", "{CE2BDA4A-98AF-46B5-835B-D800216BDD86}"
EndProject
Global
	GlobalSection(SolutionConfigurationPlatforms) = preSolution
		Debug|Any CPU = Debug|Any CPU
		Release|Any CPU = Release|Any CPU
	EndGlobalSection
	GlobalSection(ProjectConfigurationPlatforms) = postSolution
		{CE2BDA4A-98AF-46B5-835B-D800216BDD86}.Debug|Any CPU.ActiveCfg = Debug|Any CPU
		{CE2BDA4A-98AF-46B5-835B-D800216BDD86}.Debug|Any CPU.Build.0 = Debug|Any CPU
		{CE2BDA4A-98AF-46B5-835B-D800216BDD86}.Release|Any CPU.ActiveCfg = Release|Any CPU
		{CE2BDA4A-98AF-46B5-835B-D800216BDD86}.Release|Any CPU.Build.0 = Release|Any CPU
	EndGlobalSection
	GlobalSection(SolutionProperties) = preSolution
		HideSolutionNode = FALSE
	EndGlobalSection
	GlobalSection(ExtensibilityGlobals) = postSolution
		SolutionGuid = {AE19FE47-EB8D-41DD-9701-A9A9B2D8522F}
	EndGlobalSection
EndGlobal
